// !$*UTF8*$!
{
	archiveVersion = 1;
	classes = {
	};
	objectVersion = 56;
	objects = {

/* Begin PBXBuildFile section */
		DB6E5251294D9C5F000AD11E /* KittyApp.swift in Sources */ = {isa = PBXBuildFile; fileRef = DB6E5250294D9C5F000AD11E /* KittyApp.swift */; };
		DB6E5253294D9C5F000AD11E /* ContentView.swift in Sources */ = {isa = PBXBuildFile; fileRef = DB6E5252294D9C5F000AD11E /* ContentView.swift */; };
		DB6E5255294D9C60000AD11E /* Assets.xcassets in Resources */ = {isa = PBXBuildFile; fileRef = DB6E5254294D9C60000AD11E /* Assets.xcassets */; };
		DB6E5258294D9C60000AD11E /* Preview Assets.xcassets in Resources */ = {isa = PBXBuildFile; fileRef = DB6E5257294D9C60000AD11E /* Preview Assets.xcassets */; };
		DB6E5260294DAB89000AD11E /* Product.swift in Sources */ = {isa = PBXBuildFile; fileRef = DB6E525F294DAB89000AD11E /* Product.swift */; };
		DB6E5263294DABCD000AD11E /* CartManager.swift in Sources */ = {isa = PBXBuildFile; fileRef = DB6E5262294DABCD000AD11E /* CartManager.swift */; };
		DB6E5266294DAC26000AD11E /* ProductCard.swift in Sources */ = {isa = PBXBuildFile; fileRef = DB6E5265294DAC26000AD11E /* ProductCard.swift */; };
		DB6E526B294DAD8C000AD11E /* ProductRow.swift in Sources */ = {isa = PBXBuildFile; fileRef = DB6E526A294DAD8C000AD11E /* ProductRow.swift */; };
		DB6E526D294DADCF000AD11E /* productCount.swift in Sources */ = {isa = PBXBuildFile; fileRef = DB6E526C294DADCF000AD11E /* productCount.swift */; };
		DB6E527B294DB106000AD11E /* StorePage.swift in Sources */ = {isa = PBXBuildFile; fileRef = DB6E527A294DB106000AD11E /* StorePage.swift */; };
		DB6E527E294DB1D7000AD11E /* CartPage.swift in Sources */ = {isa = PBXBuildFile; fileRef = DB6E527D294DB1D7000AD11E /* CartPage.swift */; };
		DB6E5284294DB3B5000AD11E /* Profile.swift in Sources */ = {isa = PBXBuildFile; fileRef = DB6E5283294DB3B5000AD11E /* Profile.swift */; };
		DB6E5286294DB430000AD11E /* PopView.swift in Sources */ = {isa = PBXBuildFile; fileRef = DB6E5285294DB430000AD11E /* PopView.swift */; };
		DB6E5292294DF941000AD11E /* PopButtons.swift in Sources */ = {isa = PBXBuildFile; fileRef = DB6E5291294DF941000AD11E /* PopButtons.swift */; };
		DB6E52DE294F67AC000AD11E /* MainView.swift in Sources */ = {isa = PBXBuildFile; fileRef = DB6E52DD294F67AC000AD11E /* MainView.swift */; };
		DB6E52E2294F6A66000AD11E /* BackButton.swift in Sources */ = {isa = PBXBuildFile; fileRef = DB6E52E1294F6A66000AD11E /* BackButton.swift */; };
		DB6E531C294FA3B4000AD11E /* StoreView.swift in Sources */ = {isa = PBXBuildFile; fileRef = DB6E531B294FA3B4000AD11E /* StoreView.swift */; };
/* End PBXBuildFile section */

/* Begin PBXFileReference section */
		DB6E524D294D9C5F000AD11E /* Kitty.app */ = {isa = PBXFileReference; explicitFileType = wrapper.application; includeInIndex = 0; path = Kitty.app; sourceTree = BUILT_PRODUCTS_DIR; };
		DB6E5250294D9C5F000AD11E /* KittyApp.swift */ = {isa = PBXFileReference; lastKnownFileType = sourcecode.swift; path = KittyApp.swift; sourceTree = "<group>"; };
		DB6E5252294D9C5F000AD11E /* ContentView.swift */ = {isa = PBXFileReference; lastKnownFileType = sourcecode.swift; path = ContentView.swift; sourceTree = "<group>"; };
		DB6E5254294D9C60000AD11E /* Assets.xcassets */ = {isa = PBXFileReference; lastKnownFileType = folder.assetcatalog; path = Assets.xcassets; sourceTree = "<group>"; };
		DB6E5257294D9C60000AD11E /* Preview Assets.xcassets */ = {isa = PBXFileReference; lastKnownFileType = folder.assetcatalog; path = "Preview Assets.xcassets"; sourceTree = "<group>"; };
		DB6E525F294DAB89000AD11E /* Product.swift */ = {isa = PBXFileReference; lastKnownFileType = sourcecode.swift; path = Product.swift; sourceTree = "<group>"; };
		DB6E5262294DABCD000AD11E /* CartManager.swift */ = {isa = PBXFileReference; lastKnownFileType = sourcecode.swift; path = CartManager.swift; sourceTree = "<group>"; };
		DB6E5265294DAC26000AD11E /* ProductCard.swift */ = {isa = PBXFileReference; lastKnownFileType = sourcecode.swift; path = ProductCard.swift; sourceTree = "<group>"; };
		DB6E526A294DAD8C000AD11E /* ProductRow.swift */ = {isa = PBXFileReference; lastKnownFileType = sourcecode.swift; path = ProductRow.swift; sourceTree = "<group>"; };
		DB6E526C294DADCF000AD11E /* productCount.swift */ = {isa = PBXFileReference; lastKnownFileType = sourcecode.swift; path = productCount.swift; sourceTree = "<group>"; };
		DB6E527A294DB106000AD11E /* StorePage.swift */ = {isa = PBXFileReference; lastKnownFileType = sourcecode.swift; path = StorePage.swift; sourceTree = "<group>"; };
		DB6E527D294DB1D7000AD11E /* CartPage.swift */ = {isa = PBXFileReference; lastKnownFileType = sourcecode.swift; path = CartPage.swift; sourceTree = "<group>"; };
		DB6E5283294DB3B5000AD11E /* Profile.swift */ = {isa = PBXFileReference; lastKnownFileType = sourcecode.swift; path = Profile.swift; sourceTree = "<group>"; };
		DB6E5285294DB430000AD11E /* PopView.swift */ = {isa = PBXFileReference; lastKnownFileType = sourcecode.swift; path = PopView.swift; sourceTree = "<group>"; };
		DB6E5291294DF941000AD11E /* PopButtons.swift */ = {isa = PBXFileReference; lastKnownFileType = sourcecode.swift; path = PopButtons.swift; sourceTree = "<group>"; };
		DB6E52DD294F67AC000AD11E /* MainView.swift */ = {isa = PBXFileReference; lastKnownFileType = sourcecode.swift; path = MainView.swift; sourceTree = "<group>"; };
		DB6E52E1294F6A66000AD11E /* BackButton.swift */ = {isa = PBXFileReference; lastKnownFileType = sourcecode.swift; path = BackButton.swift; sourceTree = "<group>"; };
		DB6E531B294FA3B4000AD11E /* StoreView.swift */ = {isa = PBXFileReference; lastKnownFileType = sourcecode.swift; path = StoreView.swift; sourceTree = "<group>"; };
/* End PBXFileReference section */

/* Begin PBXFrameworksBuildPhase section */
		DB6E524A294D9C5F000AD11E /* Frameworks */ = {
			isa = PBXFrameworksBuildPhase;
			buildActionMask = 2147483647;
			files = (
			);
			runOnlyForDeploymentPostprocessing = 0;
		};
/* End PBXFrameworksBuildPhase section */

/* Begin PBXGroup section */
		DB6E5244294D9C5F000AD11E = {
			isa = PBXGroup;
			children = (
				DB6E524F294D9C5F000AD11E /* Kitty */,
				DB6E524E294D9C5F000AD11E /* Products */,
			);
			sourceTree = "<group>";
		};
		DB6E524E294D9C5F000AD11E /* Products */ = {
			isa = PBXGroup;
			children = (
				DB6E524D294D9C5F000AD11E /* Kitty.app */,
			);
			name = Products;
			sourceTree = "<group>";
		};
		DB6E524F294D9C5F000AD11E /* Kitty */ = {
			isa = PBXGroup;
			children = (
				DB6E5250294D9C5F000AD11E /* KittyApp.swift */,
				DB6E5252294D9C5F000AD11E /* ContentView.swift */,
				DB6E5254294D9C60000AD11E /* Assets.xcassets */,
				DB6E5256294D9C60000AD11E /* Preview Content */,
				DB6E5261294DAB91000AD11E /* Model */,
				DB6E5264294DABD2000AD11E /* ViewModel */,
				DB6E52B3294EF936000AD11E /* Components */,
				DB6E527C294DB15F000AD11E /* View */,
			);
			path = Kitty;
			sourceTree = "<group>";
		};
		DB6E5256294D9C60000AD11E /* Preview Content */ = {
			isa = PBXGroup;
			children = (
				DB6E5257294D9C60000AD11E /* Preview Assets.xcassets */,
			);
			path = "Preview Content";
			sourceTree = "<group>";
		};
		DB6E5261294DAB91000AD11E /* Model */ = {
			isa = PBXGroup;
			children = (
				DB6E525F294DAB89000AD11E /* Product.swift */,
			);
			path = Model;
			sourceTree = "<group>";
		};
		DB6E5264294DABD2000AD11E /* ViewModel */ = {
			isa = PBXGroup;
			children = (
				DB6E5262294DABCD000AD11E /* CartManager.swift */,
			);
			path = ViewModel;
			sourceTree = "<group>";
		};
		DB6E527C294DB15F000AD11E /* View */ = {
			isa = PBXGroup;
			children = (
				DB6E527A294DB106000AD11E /* StorePage.swift */,
				DB6E527D294DB1D7000AD11E /* CartPage.swift */,
				DB6E5283294DB3B5000AD11E /* Profile.swift */,
				DB6E5285294DB430000AD11E /* PopView.swift */,
				DB6E52DD294F67AC000AD11E /* MainView.swift */,
				DB6E531B294FA3B4000AD11E /* StoreView.swift */,
			);
			path = View;
			sourceTree = "<group>";
		};
		DB6E52B3294EF936000AD11E /* Components */ = {
			isa = PBXGroup;
			children = (
				DB6E5291294DF941000AD11E /* PopButtons.swift */,
				DB6E5265294DAC26000AD11E /* ProductCard.swift */,
				DB6E526A294DAD8C000AD11E /* ProductRow.swift */,
				DB6E526C294DADCF000AD11E /* productCount.swift */,
				DB6E52E1294F6A66000AD11E /* BackButton.swift */,
			);
			path = Components;
			sourceTree = "<group>";
		};
/* End PBXGroup section */

/* Begin PBXNativeTarget section */
		DB6E524C294D9C5F000AD11E /* Kitty */ = {
			isa = PBXNativeTarget;
			buildConfigurationList = DB6E525B294D9C60000AD11E /* Build configuration list for PBXNativeTarget "Kitty" */;
			buildPhases = (
				DB6E5249294D9C5F000AD11E /* Sources */,
				DB6E524A294D9C5F000AD11E /* Frameworks */,
				DB6E524B294D9C5F000AD11E /* Resources */,
			);
			buildRules = (
			);
			dependencies = (
			);
			name = Kitty;
			productName = Kitty;
			productReference = DB6E524D294D9C5F000AD11E /* Kitty.app */;
			productType = "com.apple.product-type.application";
		};
/* End PBXNativeTarget section */

/* Begin PBXProject section */
		DB6E5245294D9C5F000AD11E /* Project object */ = {
			isa = PBXProject;
			attributes = {
				BuildIndependentTargetsInParallel = 1;
				LastSwiftUpdateCheck = 1420;
				LastUpgradeCheck = 1420;
				TargetAttributes = {
					DB6E524C294D9C5F000AD11E = {
						CreatedOnToolsVersion = 14.2;
					};
				};
			};
			buildConfigurationList = DB6E5248294D9C5F000AD11E /* Build configuration list for PBXProject "Kitty" */;
			compatibilityVersion = "Xcode 14.0";
			developmentRegion = en;
			hasScannedForEncodings = 0;
			knownRegions = (
				en,
				Base,
			);
			mainGroup = DB6E5244294D9C5F000AD11E;
			productRefGroup = DB6E524E294D9C5F000AD11E /* Products */;
			projectDirPath = "";
			projectRoot = "";
			targets = (
				DB6E524C294D9C5F000AD11E /* Kitty */,
			);
		};
/* End PBXProject section */

/* Begin PBXResourcesBuildPhase section */
		DB6E524B294D9C5F000AD11E /* Resources */ = {
			isa = PBXResourcesBuildPhase;
			buildActionMask = 2147483647;
			files = (
				DB6E5258294D9C60000AD11E /* Preview Assets.xcassets in Resources */,
				DB6E5255294D9C60000AD11E /* Assets.xcassets in Resources */,
			);
			runOnlyForDeploymentPostprocessing = 0;
		};
/* End PBXResourcesBuildPhase section */

/* Begin PBXSourcesBuildPhase section */
		DB6E5249294D9C5F000AD11E /* Sources */ = {
			isa = PBXSourcesBuildPhase;
			buildActionMask = 2147483647;
			files = (
				DB6E527E294DB1D7000AD11E /* CartPage.swift in Sources */,
				DB6E52DE294F67AC000AD11E /* MainView.swift in Sources */,
				DB6E5253294D9C5F000AD11E /* ContentView.swift in Sources */,
				DB6E5263294DABCD000AD11E /* CartManager.swift in Sources */,
				DB6E5292294DF941000AD11E /* PopButtons.swift in Sources */,
				DB6E5251294D9C5F000AD11E /* KittyApp.swift in Sources */,
				DB6E5266294DAC26000AD11E /* ProductCard.swift in Sources */,
				DB6E526B294DAD8C000AD11E /* ProductRow.swift in Sources */,
				DB6E5260294DAB89000AD11E /* Product.swift in Sources */,
				DB6E5286294DB430000AD11E /* PopView.swift in Sources */,
				DB6E527B294DB106000AD11E /* StorePage.swift in Sources */,
				DB6E526D294DADCF000AD11E /* productCount.swift in Sources */,
				DB6E52E2294F6A66000AD11E /* BackButton.swift in Sources */,
				DB6E531C294FA3B4000AD11E /* StoreView.swift in Sources */,
				DB6E5284294DB3B5000AD11E /* Profile.swift in Sources */,
			);
			runOnlyForDeploymentPostprocessing = 0;
		};
/* End PBXSourcesBuildPhase section */

/* Begin XCBuildConfiguration section */
		DB6E5259294D9C60000AD11E /* Debug */ = {
			isa = XCBuildConfiguration;
			buildSettings = {
				ALWAYS_SEARCH_USER_PATHS = NO;
				CLANG_ANALYZER_NONNULL = YES;
				CLANG_ANALYZER_NUMBER_OBJECT_CONVERSION = YES_AGGRESSIVE;
				CLANG_CXX_LANGUAGE_STANDARD = "gnu++20";
				CLANG_ENABLE_MODULES = YES;
				CLANG_ENABLE_OBJC_ARC = YES;
				CLANG_ENABLE_OBJC_WEAK = YES;
				CLANG_WARN_BLOCK_CAPTURE_AUTORELEASING = YES;
				CLANG_WARN_BOOL_CONVERSION = YES;
				CLANG_WARN_COMMA = YES;
				CLANG_WARN_CONSTANT_CONVERSION = YES;
				CLANG_WARN_DEPRECATED_OBJC_IMPLEMENTATIONS = YES;
				CLANG_WARN_DIRECT_OBJC_ISA_USAGE = YES_ERROR;
				CLANG_WARN_DOCUMENTATION_COMMENTS = YES;
				CLANG_WARN_EMPTY_BODY = YES;
				CLANG_WARN_ENUM_CONVERSION = YES;
				CLANG_WARN_INFINITE_RECURSION = YES;
				CLANG_WARN_INT_CONVERSION = YES;
				CLANG_WARN_NON_LITERAL_NULL_CONVERSION = YES;
				CLANG_WARN_OBJC_IMPLICIT_RETAIN_SELF = YES;
				CLANG_WARN_OBJC_LITERAL_CONVERSION = YES;
				CLANG_WARN_OBJC_ROOT_CLASS = YES_ERROR;
				CLANG_WARN_QUOTED_INCLUDE_IN_FRAMEWORK_HEADER = YES;
				CLANG_WARN_RANGE_LOOP_ANALYSIS = YES;
				CLANG_WARN_STRICT_PROTOTYPES = YES;
				CLANG_WARN_SUSPICIOUS_MOVE = YES;
				CLANG_WARN_UNGUARDED_AVAILABILITY = YES_AGGRESSIVE;
				CLANG_WARN_UNREACHABLE_CODE = YES;
				CLANG_WARN__DUPLICATE_METHOD_MATCH = YES;
				COPY_PHASE_STRIP = NO;
				DEBUG_INFORMATION_FORMAT = dwarf;
				ENABLE_STRICT_OBJC_MSGSEND = YES;
				ENABLE_TESTABILITY = YES;
				GCC_C_LANGUAGE_STANDARD = gnu11;
				GCC_DYNAMIC_NO_PIC = NO;
				GCC_NO_COMMON_BLOCKS = YES;
				GCC_OPTIMIZATION_LEVEL = 0;
				GCC_PREPROCESSOR_DEFINITIONS = (
					"DEBUG=1",
					"$(inherited)",
				);
				GCC_WARN_64_TO_32_BIT_CONVERSION = YES;
				GCC_WARN_ABOUT_RETURN_TYPE = YES_ERROR;
				GCC_WARN_UNDECLARED_SELECTOR = YES;
				GCC_WARN_UNINITIALIZED_AUTOS = YES_AGGRESSIVE;
				GCC_WARN_UNUSED_FUNCTION = YES;
				GCC_WARN_UNUSED_VARIABLE = YES;
				IPHONEOS_DEPLOYMENT_TARGET = 16.2;
				MTL_ENABLE_DEBUG_INFO = INCLUDE_SOURCE;
				MTL_FAST_MATH = YES;
				ONLY_ACTIVE_ARCH = YES;
				SDKROOT = iphoneos;
				SWIFT_ACTIVE_COMPILATION_CONDITIONS = DEBUG;
				SWIFT_OPTIMIZATION_LEVEL = "-Onone";
			};
			name = Debug;
		};
		DB6E525A294D9C60000AD11E /* Release */ = {
			isa = XCBuildConfiguration;
			buildSettings = {
				ALWAYS_SEARCH_USER_PATHS = NO;
				CLANG_ANALYZER_NONNULL = YES;
				CLANG_ANALYZER_NUMBER_OBJECT_CONVERSION = YES_AGGRESSIVE;
				CLANG_CXX_LANGUAGE_STANDARD = "gnu++20";
				CLANG_ENABLE_MODULES = YES;
				CLANG_ENABLE_OBJC_ARC = YES;
				CLANG_ENABLE_OBJC_WEAK = YES;
				CLANG_WARN_BLOCK_CAPTURE_AUTORELEASING = YES;
				CLANG_WARN_BOOL_CONVERSION = YES;
				CLANG_WARN_COMMA = YES;
				CLANG_WARN_CONSTANT_CONVERSION = YES;
				CLANG_WARN_DEPRECATED_OBJC_IMPLEMENTATIONS = YES;
				CLANG_WARN_DIRECT_OBJC_ISA_USAGE = YES_ERROR;
				CLANG_WARN_DOCUMENTATION_COMMENTS = YES;
				CLANG_WARN_EMPTY_BODY = YES;
				CLANG_WARN_ENUM_CONVERSION = YES;
				CLANG_WARN_INFINITE_RECURSION = YES;
				CLANG_WARN_INT_CONVERSION = YES;
				CLANG_WARN_NON_LITERAL_NULL_CONVERSION = YES;
				CLANG_WARN_OBJC_IMPLICIT_RETAIN_SELF = YES;
				CLANG_WARN_OBJC_LITERAL_CONVERSION = YES;
				CLANG_WARN_OBJC_ROOT_CLASS = YES_ERROR;
				CLANG_WARN_QUOTED_INCLUDE_IN_FRAMEWORK_HEADER = YES;
				CLANG_WARN_RANGE_LOOP_ANALYSIS = YES;
				CLANG_WARN_STRICT_PROTOTYPES = YES;
				CLANG_WARN_SUSPICIOUS_MOVE = YES;
				CLANG_WARN_UNGUARDED_AVAILABILITY = YES_AGGRESSIVE;
				CLANG_WARN_UNREACHABLE_CODE = YES;
				CLANG_WARN__DUPLICATE_METHOD_MATCH = YES;
				COPY_PHASE_STRIP = NO;
				DEBUG_INFORMATION_FORMAT = "dwarf-with-dsym";
				ENABLE_NS_ASSERTIONS = NO;
				ENABLE_STRICT_OBJC_MSGSEND = YES;
				GCC_C_LANGUAGE_STANDARD = gnu11;
				GCC_NO_COMMON_BLOCKS = YES;
				GCC_WARN_64_TO_32_BIT_CONVERSION = YES;
				GCC_WARN_ABOUT_RETURN_TYPE = YES_ERROR;
				GCC_WARN_UNDECLARED_SELECTOR = YES;
				GCC_WARN_UNINITIALIZED_AUTOS = YES_AGGRESSIVE;
				GCC_WARN_UNUSED_FUNCTION = YES;
				GCC_WARN_UNUSED_VARIABLE = YES;
				IPHONEOS_DEPLOYMENT_TARGET = 16.2;
				MTL_ENABLE_DEBUG_INFO = NO;
				MTL_FAST_MATH = YES;
				SDKROOT = iphoneos;
				SWIFT_COMPILATION_MODE = wholemodule;
				SWIFT_OPTIMIZATION_LEVEL = "-O";
				VALIDATE_PRODUCT = YES;
			};
			name = Release;
		};
		DB6E525C294D9C60000AD11E /* Debug */ = {
			isa = XCBuildConfiguration;
			buildSettings = {
				ASSETCATALOG_COMPILER_APPICON_NAME = AppIcon;
				ASSETCATALOG_COMPILER_GLOBAL_ACCENT_COLOR_NAME = AccentColor;
				CODE_SIGN_STYLE = Automatic;
				CURRENT_PROJECT_VERSION = 1;
				DEVELOPMENT_ASSET_PATHS = "\"Kitty/Preview Content\"";
				ENABLE_PREVIEWS = YES;
				GENERATE_INFOPLIST_FILE = YES;
				INFOPLIST_KEY_UIApplicationSceneManifest_Generation = YES;
				INFOPLIST_KEY_UIApplicationSupportsIndirectInputEvents = YES;
				INFOPLIST_KEY_UILaunchScreen_Generation = YES;
				INFOPLIST_KEY_UISupportedInterfaceOrientations_iPad = "UIInterfaceOrientationPortrait UIInterfaceOrientationPortraitUpsideDown UIInterfaceOrientationLandscapeLeft UIInterfaceOrientationLandscapeRight";
				INFOPLIST_KEY_UISupportedInterfaceOrientations_iPhone = "UIInterfaceOrientationPortrait UIInterfaceOrientationLandscapeLeft UIInterfaceOrientationLandscapeRight";
				LD_RUNPATH_SEARCH_PATHS = (
					"$(inherited)",
					"@executable_path/Frameworks",
				);
				MARKETING_VERSION = 1.0;
				PRODUCT_BUNDLE_IDENTIFIER = artopia.Kitty;
				PRODUCT_NAME = "$(TARGET_NAME)";
				SWIFT_EMIT_LOC_STRINGS = YES;
				SWIFT_VERSION = 5.0;
				TARGETED_DEVICE_FAMILY = "1,2";
			};
			name = Debug;
		};
		DB6E525D294D9C60000AD11E /* Release */ = {
			isa = XCBuildConfiguration;
			buildSettings = {
				ASSETCATALOG_COMPILER_APPICON_NAME = AppIcon;
				ASSETCATALOG_COMPILER_GLOBAL_ACCENT_COLOR_NAME = AccentColor;
				CODE_SIGN_STYLE = Automatic;
				CURRENT_PROJECT_VERSION = 1;
				DEVELOPMENT_ASSET_PATHS = "\"Kitty/Preview Content\"";
				ENABLE_PREVIEWS = YES;
				GENERATE_INFOPLIST_FILE = YES;
				INFOPLIST_KEY_UIApplicationSceneManifest_Generation = YES;
				INFOPLIST_KEY_UIApplicationSupportsIndirectInputEvents = YES;
				INFOPLIST_KEY_UILaunchScreen_Generation = YES;
				INFOPLIST_KEY_UISupportedInterfaceOrientations_iPad = "UIInterfaceOrientationPortrait UIInterfaceOrientationPortraitUpsideDown UIInterfaceOrientationLandscapeLeft UIInterfaceOrientationLandscapeRight";
				INFOPLIST_KEY_UISupportedInterfaceOrientations_iPhone = "UIInterfaceOrientationPortrait UIInterfaceOrientationLandscapeLeft UIInterfaceOrientationLandscapeRight";
				LD_RUNPATH_SEARCH_PATHS = (
					"$(inherited)",
					"@executable_path/Frameworks",
				);
				MARKETING_VERSION = 1.0;
				PRODUCT_BUNDLE_IDENTIFIER = artopia.Kitty;
				PRODUCT_NAME = "$(TARGET_NAME)";
				SWIFT_EMIT_LOC_STRINGS = YES;
				SWIFT_VERSION = 5.0;
				TARGETED_DEVICE_FAMILY = "1,2";
			};
			name = Release;
		};
/* End XCBuildConfiguration section */

/* Begin XCConfigurationList section */
		DB6E5248294D9C5F000AD11E /* Build configuration list for PBXProject "Kitty" */ = {
			isa = XCConfigurationList;
			buildConfigurations = (
				DB6E5259294D9C60000AD11E /* Debug */,
				DB6E525A294D9C60000AD11E /* Release */,
			);
			defaultConfigurationIsVisible = 0;
			defaultConfigurationName = Release;
		};
		DB6E525B294D9C60000AD11E /* Build configuration list for PBXNativeTarget "Kitty" */ = {
			isa = XCConfigurationList;
			buildConfigurations = (
				DB6E525C294D9C60000AD11E /* Debug */,
				DB6E525D294D9C60000AD11E /* Release */,
			);
			defaultConfigurationIsVisible = 0;
			defaultConfigurationName = Release;
		};
/* End XCConfigurationList section */
	};
	rootObject = DB6E5245294D9C5F000AD11E /* Project object */;
}
